
Microsoft Visual Studio Solution File, Format Version 12.00
# Visual Studio Version 17
VisualStudioVersion = 17.5.33424.131
MinimumVisualStudioVersion = 10.0.40219.1
Project("{2150E333-8FDC-42A3-9474-1A3956D46DE8}") = "0 - Presentation", "0 - Presentation", "{DAE24373-1408-4E1D-BFD2-F996F3E2ED60}"
EndProject
Project("{2150E333-8FDC-42A3-9474-1A3956D46DE8}") = "1 - Services", "1 - Services", "{F4166A7F-BC28-4BDA-87DE-FFC7C3DF71DB}"
EndProject
Project("{2150E333-8FDC-42A3-9474-1A3956D46DE8}") = "2 - Application", "2 - Application", "{3B9FA250-FFAA-47A6-8A99-E148BDADD945}"
EndProject
Project("{2150E333-8FDC-42A3-9474-1A3956D46DE8}") = "3 - Domain", "3 - Domain", "{B9061896-EAF6-4961-9004-E4825B660E2E}"
EndProject
Project("{2150E333-8FDC-42A3-9474-1A3956D46DE8}") = "4 - Infra", "4 - Infra", "{AF0CBBB1-090C-40B1-99F8-31BFC5567097}"
EndProject
Project("{2150E333-8FDC-42A3-9474-1A3956D46DE8}") = "4.1 - Data", "4.1 - Data", "{AC9CEE82-3C85-4F4E-8839-9BD1A6EB6D55}"
EndProject
Project("{2150E333-8FDC-42A3-9474-1A3956D46DE8}") = "4.2 - CrossCutting", "4.2 - CrossCutting", "{F69256FA-A18A-4F60-A62D-F451D87F46BA}"
EndProject
Project("{FAE04EC0-301F-11D3-BF4B-00C04F79EFBC}") = "Infra.Data", "XRM.Infra.Data\Infra.Data.csproj", "{F991761B-A710-4388-A4CF-ED4BC7805981}"
EndProject
Project("{FAE04EC0-301F-11D3-BF4B-00C04F79EFBC}") = "Infra.CrossCutting.Identity", "XRM.Infra.CrossCutting.Identity\Infra.CrossCutting.Identity.csproj", "{C0D84D1E-ACF1-4B4C-ADB2-0234B54B1449}"
EndProject
Project("{FAE04EC0-301F-11D3-BF4B-00C04F79EFBC}") = "Infra.CrossCutting.IoCNinject", "XRM.Infra.CrossCutting.IoCNinject\Infra.CrossCutting.IoCNinject.csproj", "{FA44A463-1F74-467C-941E-8F9F90A2DEE3}"
EndProject
Project("{FAE04EC0-301F-11D3-BF4B-00C04F79EFBC}") = "Application", "XRM.Application\Application.csproj", "{BD1309F3-B38A-4873-BA38-AD7ABB8637C1}"
EndProject
Project("{FAE04EC0-301F-11D3-BF4B-00C04F79EFBC}") = "Domain", "XRM.Domain\Domain.csproj", "{F82D084E-DAE5-453F-A957-A0CCD8A42C0B}"
EndProject
Project("{FAE04EC0-301F-11D3-BF4B-00C04F79EFBC}") = "MVC", "XRM.MVC\MVC.csproj", "{0C063BF9-0E97-4616-8195-EE835A75B750}"
EndProject
Global
	GlobalSection(SolutionConfigurationPlatforms) = preSolution
		Debug|Any CPU = Debug|Any CPU
		Release|Any CPU = Release|Any CPU
	EndGlobalSection
	GlobalSection(ProjectConfigurationPlatforms) = postSolution
		{F991761B-A710-4388-A4CF-ED4BC7805981}.Debug|Any CPU.ActiveCfg = Debug|Any CPU
		{F991761B-A710-4388-A4CF-ED4BC7805981}.Debug|Any CPU.Build.0 = Debug|Any CPU
		{F991761B-A710-4388-A4CF-ED4BC7805981}.Release|Any CPU.ActiveCfg = Release|Any CPU
		{F991761B-A710-4388-A4CF-ED4BC7805981}.Release|Any CPU.Build.0 = Release|Any CPU
		{C0D84D1E-ACF1-4B4C-ADB2-0234B54B1449}.Debug|Any CPU.ActiveCfg = Debug|Any CPU
		{C0D84D1E-ACF1-4B4C-ADB2-0234B54B1449}.Debug|Any CPU.Build.0 = Debug|Any CPU
		{C0D84D1E-ACF1-4B4C-ADB2-0234B54B1449}.Release|Any CPU.ActiveCfg = Release|Any CPU
		{C0D84D1E-ACF1-4B4C-ADB2-0234B54B1449}.Release|Any CPU.Build.0 = Release|Any CPU
		{FA44A463-1F74-467C-941E-8F9F90A2DEE3}.Debug|Any CPU.ActiveCfg = Debug|Any CPU
		{FA44A463-1F74-467C-941E-8F9F90A2DEE3}.Debug|Any CPU.Build.0 = Debug|Any CPU
		{FA44A463-1F74-467C-941E-8F9F90A2DEE3}.Release|Any CPU.ActiveCfg = Release|Any CPU
		{FA44A463-1F74-467C-941E-8F9F90A2DEE3}.Release|Any CPU.Build.0 = Release|Any CPU
		{BD1309F3-B38A-4873-BA38-AD7ABB8637C1}.Debug|Any CPU.ActiveCfg = Debug|Any CPU
		{BD1309F3-B38A-4873-BA38-AD7ABB8637C1}.Debug|Any CPU.Build.0 = Debug|Any CPU
		{BD1309F3-B38A-4873-BA38-AD7ABB8637C1}.Release|Any CPU.ActiveCfg = Release|Any CPU
		{BD1309F3-B38A-4873-BA38-AD7ABB8637C1}.Release|Any CPU.Build.0 = Release|Any CPU
		{F82D084E-DAE5-453F-A957-A0CCD8A42C0B}.Debug|Any CPU.ActiveCfg = Debug|Any CPU
		{F82D084E-DAE5-453F-A957-A0CCD8A42C0B}.Debug|Any CPU.Build.0 = Debug|Any CPU
		{F82D084E-DAE5-453F-A957-A0CCD8A42C0B}.Release|Any CPU.ActiveCfg = Release|Any CPU
		{F82D084E-DAE5-453F-A957-A0CCD8A42C0B}.Release|Any CPU.Build.0 = Release|Any CPU
		{0C063BF9-0E97-4616-8195-EE835A75B750}.Debug|Any CPU.ActiveCfg = Debug|Any CPU
		{0C063BF9-0E97-4616-8195-EE835A75B750}.Debug|Any CPU.Build.0 = Debug|Any CPU
		{0C063BF9-0E97-4616-8195-EE835A75B750}.Release|Any CPU.ActiveCfg = Release|Any CPU
		{0C063BF9-0E97-4616-8195-EE835A75B750}.Release|Any CPU.Build.0 = Release|Any CPU
	EndGlobalSection
	GlobalSection(SolutionProperties) = preSolution
		HideSolutionNode = FALSE
	EndGlobalSection
	GlobalSection(NestedProjects) = preSolution
		{AC9CEE82-3C85-4F4E-8839-9BD1A6EB6D55} = {AF0CBBB1-090C-40B1-99F8-31BFC5567097}
		{F69256FA-A18A-4F60-A62D-F451D87F46BA} = {AF0CBBB1-090C-40B1-99F8-31BFC5567097}
		{F991761B-A710-4388-A4CF-ED4BC7805981} = {AC9CEE82-3C85-4F4E-8839-9BD1A6EB6D55}
		{C0D84D1E-ACF1-4B4C-ADB2-0234B54B1449} = {F69256FA-A18A-4F60-A62D-F451D87F46BA}
		{FA44A463-1F74-467C-941E-8F9F90A2DEE3} = {F69256FA-A18A-4F60-A62D-F451D87F46BA}
		{BD1309F3-B38A-4873-BA38-AD7ABB8637C1} = {3B9FA250-FFAA-47A6-8A99-E148BDADD945}
		{F82D084E-DAE5-453F-A957-A0CCD8A42C0B} = {B9061896-EAF6-4961-9004-E4825B660E2E}
		{0C063BF9-0E97-4616-8195-EE835A75B750} = {DAE24373-1408-4E1D-BFD2-F996F3E2ED60}
	EndGlobalSection
	GlobalSection(ExtensibilityGlobals) = postSolution
		SolutionGuid = {2FE19965-7463-45AF-AA69-47C3170B535A}
	EndGlobalSection
EndGlobal
